{
  "name": "ajstest",
  "version": "1.0.0",
  "lockfileVersion": 3,
  "requires": true,
  "packages": {
    "": {
      "name": "ajstest",
      "version": "1.0.0",
      "license": "ISC",
      "dependencies": {
        "@daniilsarka/ajs": "^1.0.0"
      }
    },
    "node_modules/@daniilsarka/ajs": {
      "version": "1.0.0",
      "resolved": "https://npm.pkg.github.com/download/@daniilsarka/ajs/1.0.0/0baca4ca4b730116f9ab18fd006cd9e6d3d63e35",
      "integrity": "sha512-319g7PoLD/mG1ttc04ME/HYF/XsKaU0jx7tr45ql6XO8PStd8Ih8z56SequJ2iL4C4TI/TynrQia5t6mXi6iqQ=="
    }
  }
}
